PODS:
  - GoogleMaps (2.4.0):
    - GoogleMaps/Maps (= 2.4.0)
  - GoogleMaps/Base (2.4.0)
  - GoogleMaps/Maps (2.4.0):
    - GoogleMaps/Base
  - GooglePlacePicker (2.4.0):
    - GoogleMaps (= 2.4.0)
    - GooglePlaces (= 2.4.0)
  - GooglePlaces (2.4.0):
    - GoogleMaps/Base (= 2.4.0)
  - SearchTextField (1.1.8)
  - Sync (3.3.1)

DEPENDENCIES:
  - GoogleMaps
  - GooglePlacePicker
  - GooglePlaces
  - SearchTextField
  - Sync (~> 3)

SPEC CHECKSUMS:
  GoogleMaps: 8436ab5d1c25e36915b2f7416d0c8e3fa2e76c61
  GooglePlacePicker: 755f10343d71280c7b016823e73fbae9625dfa8a
  GooglePlaces: aafe5990fa7951e98e078761bbdaaf236d7e0c65
  SearchTextField: 1d43b423c2acd3a9e2b37a74180e0cb137fcf1e7
  Sync: 235890fe49277107d266b9524e7346da7a665305

PODFILE CHECKSUM: ab684a3c7341e1d84266b2da92c5f51418fc4703

COCOAPODS: 1.2.1
