// !$*UTF8*$!
{
	archiveVersion = 1;
	classes = {
	};
	objectVersion = 46;
	objects = {

/* Begin PBXBuildFile section */
		2F084D4209028884D2E84E16 /* Pods_Vivid.framework in Frameworks */ = {isa = PBXBuildFile; fileRef = 0308D493D0A18B5855B49F51 /* Pods_Vivid.framework */; };
		7E0DC0101F505BBD00A4ACA6 /* GMSClient.swift in Sources */ = {isa = PBXBuildFile; fileRef = 7E0DC00D1F505BBD00A4ACA6 /* GMSClient.swift */; };
		7E0DC0111F505BBD00A4ACA6 /* GMSConstants.swift in Sources */ = {isa = PBXBuildFile; fileRef = 7E0DC00E1F505BBD00A4ACA6 /* GMSConstants.swift */; };
		7E0DC0121F505BBD00A4ACA6 /* GMSConvenience.swift in Sources */ = {isa = PBXBuildFile; fileRef = 7E0DC00F1F505BBD00A4ACA6 /* GMSConvenience.swift */; };
		7E0DC0141F505BEB00A4ACA6 /* GSDatabaseStoring.swift in Sources */ = {isa = PBXBuildFile; fileRef = 7E0DC0131F505BEB00A4ACA6 /* GSDatabaseStoring.swift */; };
		7E3F0A4F1F56B67D005B918C /* ResultsTableViewCell.swift in Sources */ = {isa = PBXBuildFile; fileRef = 7E3F0A4E1F56B67D005B918C /* ResultsTableViewCell.swift */; };
		7E4417081F0A880100072545 /* GCDBlackBox.swift in Sources */ = {isa = PBXBuildFile; fileRef = 7E4417071F0A880100072545 /* GCDBlackBox.swift */; };
		7E44170C1F0A8DD100072545 /* NeighbourhoodPickerViewController.swift in Sources */ = {isa = PBXBuildFile; fileRef = 7E44170B1F0A8DD100072545 /* NeighbourhoodPickerViewController.swift */; };
		7E498C741F0CDB8700DC443B /* MainViewController.swift in Sources */ = {isa = PBXBuildFile; fileRef = 7E498C731F0CDB8700DC443B /* MainViewController.swift */; };
		7E498C761F0CDBC500DC443B /* TopMenuViewController.swift in Sources */ = {isa = PBXBuildFile; fileRef = 7E498C751F0CDBC500DC443B /* TopMenuViewController.swift */; };
		7E498C7A1F0CDBFF00DC443B /* PlaceDetailViewController.swift in Sources */ = {isa = PBXBuildFile; fileRef = 7E498C791F0CDBFF00DC443B /* PlaceDetailViewController.swift */; };
		7E88A2B51F35EBA9008C999F /* NonSmokingBarModel.xcdatamodeld in Sources */ = {isa = PBXBuildFile; fileRef = 7E88A2B31F35EBA9008C999F /* NonSmokingBarModel.xcdatamodeld */; };
		7E8C72571F505C4A001E41D5 /* Model.swift in Sources */ = {isa = PBXBuildFile; fileRef = 7E8C72561F505C4A001E41D5 /* Model.swift */; };
		7E8C72591F505C55001E41D5 /* Keys.plist in Resources */ = {isa = PBXBuildFile; fileRef = 7E8C72581F505C55001E41D5 /* Keys.plist */; };
		7E8C725B1F505C94001E41D5 /* Main.storyboard in Resources */ = {isa = PBXBuildFile; fileRef = 7E8C725A1F505C94001E41D5 /* Main.storyboard */; };
		7E8C725D1F505CA1001E41D5 /* LaunchScreen.storyboard in Resources */ = {isa = PBXBuildFile; fileRef = 7E8C725C1F505CA1001E41D5 /* LaunchScreen.storyboard */; };
		7E8C72611F505CDD001E41D5 /* Assets.xcassets in Resources */ = {isa = PBXBuildFile; fileRef = 7E8C72601F505CDD001E41D5 /* Assets.xcassets */; };
		7EB292301F51D4D700BDF1D7 /* ResultsTableViewController.swift in Sources */ = {isa = PBXBuildFile; fileRef = 7EB2922F1F51D4D700BDF1D7 /* ResultsTableViewController.swift */; };
		7EE906301EFD9C1200E6EAD9 /* AppDelegate.swift in Sources */ = {isa = PBXBuildFile; fileRef = 7EE9062F1EFD9C1200E6EAD9 /* AppDelegate.swift */; };
		7EE906321EFD9C1200E6EAD9 /* MapViewController.swift in Sources */ = {isa = PBXBuildFile; fileRef = 7EE906311EFD9C1200E6EAD9 /* MapViewController.swift */; };
		7EE906421EFD9CC600E6EAD9 /* Podfile in Resources */ = {isa = PBXBuildFile; fileRef = 7EE906411EFD9CC600E6EAD9 /* Podfile */; };
/* End PBXBuildFile section */

/* Begin PBXFileReference section */
		0308D493D0A18B5855B49F51 /* Pods_Vivid.framework */ = {isa = PBXFileReference; explicitFileType = wrapper.framework; includeInIndex = 0; path = Pods_Vivid.framework; sourceTree = BUILT_PRODUCTS_DIR; };
		7E0DC00D1F505BBD00A4ACA6 /* GMSClient.swift */ = {isa = PBXFileReference; fileEncoding = 4; lastKnownFileType = sourcecode.swift; name = GMSClient.swift; path = Clients/GMS/GMSClient.swift; sourceTree = "<group>"; };
		7E0DC00E1F505BBD00A4ACA6 /* GMSConstants.swift */ = {isa = PBXFileReference; fileEncoding = 4; lastKnownFileType = sourcecode.swift; name = GMSConstants.swift; path = Clients/GMS/GMSConstants.swift; sourceTree = "<group>"; };
		7E0DC00F1F505BBD00A4ACA6 /* GMSConvenience.swift */ = {isa = PBXFileReference; fileEncoding = 4; lastKnownFileType = sourcecode.swift; name = GMSConvenience.swift; path = Clients/GMS/GMSConvenience.swift; sourceTree = "<group>"; };
		7E0DC0131F505BEB00A4ACA6 /* GSDatabaseStoring.swift */ = {isa = PBXFileReference; fileEncoding = 4; lastKnownFileType = sourcecode.swift; path = GSDatabaseStoring.swift; sourceTree = "<group>"; };
		7E3F0A4E1F56B67D005B918C /* ResultsTableViewCell.swift */ = {isa = PBXFileReference; fileEncoding = 4; lastKnownFileType = sourcecode.swift; name = ResultsTableViewCell.swift; path = View/ResultsTableViewCell.swift; sourceTree = "<group>"; };
		7E4417071F0A880100072545 /* GCDBlackBox.swift */ = {isa = PBXFileReference; fileEncoding = 4; lastKnownFileType = sourcecode.swift; path = GCDBlackBox.swift; sourceTree = "<group>"; };
		7E44170B1F0A8DD100072545 /* NeighbourhoodPickerViewController.swift */ = {isa = PBXFileReference; fileEncoding = 4; lastKnownFileType = sourcecode.swift; path = NeighbourhoodPickerViewController.swift; sourceTree = "<group>"; };
		7E498C731F0CDB8700DC443B /* MainViewController.swift */ = {isa = PBXFileReference; fileEncoding = 4; lastKnownFileType = sourcecode.swift; path = MainViewController.swift; sourceTree = "<group>"; };
		7E498C751F0CDBC500DC443B /* TopMenuViewController.swift */ = {isa = PBXFileReference; fileEncoding = 4; lastKnownFileType = sourcecode.swift; path = TopMenuViewController.swift; sourceTree = "<group>"; };
		7E498C791F0CDBFF00DC443B /* PlaceDetailViewController.swift */ = {isa = PBXFileReference; fileEncoding = 4; lastKnownFileType = sourcecode.swift; path = PlaceDetailViewController.swift; sourceTree = "<group>"; };
		7E88A2B41F35EBA9008C999F /* NonSmokingBarModel.xcdatamodel */ = {isa = PBXFileReference; lastKnownFileType = wrapper.xcdatamodel; path = NonSmokingBarModel.xcdatamodel; sourceTree = "<group>"; };
		7E8C72561F505C4A001E41D5 /* Model.swift */ = {isa = PBXFileReference; fileEncoding = 4; lastKnownFileType = sourcecode.swift; path = Model.swift; sourceTree = "<group>"; };
		7E8C72581F505C55001E41D5 /* Keys.plist */ = {isa = PBXFileReference; fileEncoding = 4; lastKnownFileType = text.plist.xml; path = Keys.plist; sourceTree = "<group>"; };
		7E8C725A1F505C94001E41D5 /* Main.storyboard */ = {isa = PBXFileReference; fileEncoding = 4; lastKnownFileType = file.storyboard; path = Main.storyboard; sourceTree = "<group>"; };
		7E8C725C1F505CA1001E41D5 /* LaunchScreen.storyboard */ = {isa = PBXFileReference; fileEncoding = 4; lastKnownFileType = file.storyboard; path = LaunchScreen.storyboard; sourceTree = "<group>"; };
		7E8C72601F505CDD001E41D5 /* Assets.xcassets */ = {isa = PBXFileReference; lastKnownFileType = folder.assetcatalog; path = Assets.xcassets; sourceTree = "<group>"; };
		7E9D0C541F619C80002E1F56 /* NonSmokingBarModel v3.xcdatamodel */ = {isa = PBXFileReference; lastKnownFileType = wrapper.xcdatamodel; path = "NonSmokingBarModel v3.xcdatamodel"; sourceTree = "<group>"; };
		7EB2922B1F505DC400BDF1D7 /* Info.plist */ = {isa = PBXFileReference; fileEncoding = 4; lastKnownFileType = text.plist.xml; path = Info.plist; sourceTree = "<group>"; };
		7EB2922F1F51D4D700BDF1D7 /* ResultsTableViewController.swift */ = {isa = PBXFileReference; fileEncoding = 4; lastKnownFileType = sourcecode.swift; path = ResultsTableViewController.swift; sourceTree = "<group>"; };
		7ECC86291F5027040034514D /* NonSmokingBarModel v2.xcdatamodel */ = {isa = PBXFileReference; lastKnownFileType = wrapper.xcdatamodel; path = "NonSmokingBarModel v2.xcdatamodel"; sourceTree = "<group>"; };
		7EE9062C1EFD9C1200E6EAD9 /* Vivid.app */ = {isa = PBXFileReference; explicitFileType = wrapper.application; includeInIndex = 0; path = Vivid.app; sourceTree = BUILT_PRODUCTS_DIR; };
		7EE9062F1EFD9C1200E6EAD9 /* AppDelegate.swift */ = {isa = PBXFileReference; lastKnownFileType = sourcecode.swift; path = AppDelegate.swift; sourceTree = "<group>"; };
		7EE906311EFD9C1200E6EAD9 /* MapViewController.swift */ = {isa = PBXFileReference; lastKnownFileType = sourcecode.swift; path = MapViewController.swift; sourceTree = "<group>"; };
		7EE906411EFD9CC600E6EAD9 /* Podfile */ = {isa = PBXFileReference; fileEncoding = 4; lastKnownFileType = text; path = Podfile; sourceTree = "<group>"; xcLanguageSpecificationIdentifier = xcode.lang.ruby; };
		8385AD172EA13ED24E344B8A /* Pods-Vivid.release.xcconfig */ = {isa = PBXFileReference; includeInIndex = 1; lastKnownFileType = text.xcconfig; name = "Pods-Vivid.release.xcconfig"; path = "Pods/Target Support Files/Pods-Vivid/Pods-Vivid.release.xcconfig"; sourceTree = "<group>"; };
		D1C052E857E06A5E8449E24B /* Pods-Vivid.debug.xcconfig */ = {isa = PBXFileReference; includeInIndex = 1; lastKnownFileType = text.xcconfig; name = "Pods-Vivid.debug.xcconfig"; path = "Pods/Target Support Files/Pods-Vivid/Pods-Vivid.debug.xcconfig"; sourceTree = "<group>"; };
/* End PBXFileReference section */

/* Begin PBXFrameworksBuildPhase section */
		7EE906291EFD9C1200E6EAD9 /* Frameworks */ = {
			isa = PBXFrameworksBuildPhase;
			buildActionMask = 2147483647;
			files = (
				2F084D4209028884D2E84E16 /* Pods_Vivid.framework in Frameworks */,
			);
			runOnlyForDeploymentPostprocessing = 0;
		};
/* End PBXFrameworksBuildPhase section */

/* Begin PBXGroup section */
		49BC49D5A6BCF115D89A871B /* Frameworks */ = {
			isa = PBXGroup;
			children = (
				0308D493D0A18B5855B49F51 /* Pods_Vivid.framework */,
			);
			name = Frameworks;
			sourceTree = "<group>";
		};
		64B5E36616087452D2F68B1D /* Pods */ = {
			isa = PBXGroup;
			children = (
				D1C052E857E06A5E8449E24B /* Pods-Vivid.debug.xcconfig */,
				8385AD172EA13ED24E344B8A /* Pods-Vivid.release.xcconfig */,
			);
			name = Pods;
			sourceTree = "<group>";
		};
		7E0DC00C1F505BAA00A4ACA6 /* GMS */ = {
			isa = PBXGroup;
			children = (
				7E0DC00D1F505BBD00A4ACA6 /* GMSClient.swift */,
				7E0DC00E1F505BBD00A4ACA6 /* GMSConstants.swift */,
				7E0DC00F1F505BBD00A4ACA6 /* GMSConvenience.swift */,
			);
			name = GMS;
			sourceTree = "<group>";
		};
		7E4416F81F0A85A600072545 /* Model */ = {
			isa = PBXGroup;
			children = (
				7E8C72561F505C4A001E41D5 /* Model.swift */,
				7E0DC0131F505BEB00A4ACA6 /* GSDatabaseStoring.swift */,
				7E88A2B31F35EBA9008C999F /* NonSmokingBarModel.xcdatamodeld */,
				7E4416FD1F0A863800072545 /* Clients */,
			);
			path = Model;
			sourceTree = "<group>";
		};
		7E4416F91F0A85C600072545 /* View */ = {
			isa = PBXGroup;
			children = (
				7E3F0A4E1F56B67D005B918C /* ResultsTableViewCell.swift */,
			);
			name = View;
			sourceTree = "<group>";
		};
		7E4416FA1F0A85D300072545 /* Controller */ = {
			isa = PBXGroup;
			children = (
				7E498C731F0CDB8700DC443B /* MainViewController.swift */,
				7E44170B1F0A8DD100072545 /* NeighbourhoodPickerViewController.swift */,
				7E498C751F0CDBC500DC443B /* TopMenuViewController.swift */,
				7EE906311EFD9C1200E6EAD9 /* MapViewController.swift */,
				7E498C791F0CDBFF00DC443B /* PlaceDetailViewController.swift */,
				7EB2922F1F51D4D700BDF1D7 /* ResultsTableViewController.swift */,
			);
			path = Controller;
			sourceTree = "<group>";
		};
		7E4416FB1F0A85F400072545 /* Supporting Files */ = {
			isa = PBXGroup;
			children = (
				7E8C72581F505C55001E41D5 /* Keys.plist */,
			);
			path = "Supporting Files";
			sourceTree = "<group>";
		};
		7E4416FC1F0A85F700072545 /* Assets */ = {
			isa = PBXGroup;
			children = (
				7E8C72601F505CDD001E41D5 /* Assets.xcassets */,
				7E8C725C1F505CA1001E41D5 /* LaunchScreen.storyboard */,
				7E8C725A1F505C94001E41D5 /* Main.storyboard */,
			);
			path = Assets;
			sourceTree = "<group>";
		};
		7E4416FD1F0A863800072545 /* Clients */ = {
			isa = PBXGroup;
			children = (
				7E0DC00C1F505BAA00A4ACA6 /* GMS */,
			);
			name = Clients;
			sourceTree = "<group>";
		};
		7EE906231EFD9C1200E6EAD9 = {
			isa = PBXGroup;
			children = (
				7EE906411EFD9CC600E6EAD9 /* Podfile */,
				7EE9062E1EFD9C1200E6EAD9 /* Vivid */,
				7EE9062D1EFD9C1200E6EAD9 /* Products */,
				64B5E36616087452D2F68B1D /* Pods */,
				49BC49D5A6BCF115D89A871B /* Frameworks */,
			);
			sourceTree = "<group>";
		};
		7EE9062D1EFD9C1200E6EAD9 /* Products */ = {
			isa = PBXGroup;
			children = (
				7EE9062C1EFD9C1200E6EAD9 /* Vivid.app */,
			);
			name = Products;
			sourceTree = "<group>";
		};
		7EE9062E1EFD9C1200E6EAD9 /* Vivid */ = {
			isa = PBXGroup;
			children = (
				7EB2922B1F505DC400BDF1D7 /* Info.plist */,
				7EE9062F1EFD9C1200E6EAD9 /* AppDelegate.swift */,
				7E4417071F0A880100072545 /* GCDBlackBox.swift */,
				7E4416F81F0A85A600072545 /* Model */,
				7E4416F91F0A85C600072545 /* View */,
				7E4416FA1F0A85D300072545 /* Controller */,
				7E4416FC1F0A85F700072545 /* Assets */,
				7E4416FB1F0A85F400072545 /* Supporting Files */,
			);
			path = Vivid;
			sourceTree = "<group>";
		};
/* End PBXGroup section */

/* Begin PBXNativeTarget section */
		7EE9062B1EFD9C1200E6EAD9 /* Vivid */ = {
			isa = PBXNativeTarget;
			buildConfigurationList = 7EE9063E1EFD9C1200E6EAD9 /* Build configuration list for PBXNativeTarget "Vivid" */;
			buildPhases = (
				7210A141F05B5FF901A2E08D /* [CP] Check Pods Manifest.lock */,
				7EE906281EFD9C1200E6EAD9 /* Sources */,
				7EE906291EFD9C1200E6EAD9 /* Frameworks */,
				7EE9062A1EFD9C1200E6EAD9 /* Resources */,
				342E65987F3AE134109258C8 /* [CP] Embed Pods Frameworks */,
				64652264178F888977C7C985 /* [CP] Copy Pods Resources */,
			);
			buildRules = (
			);
			dependencies = (
			);
			name = Vivid;
			productName = Vivid;
			productReference = 7EE9062C1EFD9C1200E6EAD9 /* Vivid.app */;
			productType = "com.apple.product-type.application";
		};
/* End PBXNativeTarget section */

/* Begin PBXProject section */
		7EE906241EFD9C1200E6EAD9 /* Project object */ = {
			isa = PBXProject;
			attributes = {
				KnownAssetTags = (
					1,
				);
				LastSwiftUpdateCheck = 0830;
				LastUpgradeCheck = 0900;
				ORGANIZATIONNAME = "Celia Gómez de Villavedón Pedrosa";
				TargetAttributes = {
					7EE9062B1EFD9C1200E6EAD9 = {
						CreatedOnToolsVersion = 8.3.3;
						DevelopmentTeam = 6JFW8GEZ3K;
						LastSwiftMigration = 0900;
						ProvisioningStyle = Automatic;
					};
				};
			};
			buildConfigurationList = 7EE906271EFD9C1200E6EAD9 /* Build configuration list for PBXProject "Vivid" */;
			compatibilityVersion = "Xcode 3.2";
			developmentRegion = English;
			hasScannedForEncodings = 0;
			knownRegions = (
				en,
				Base,
			);
			mainGroup = 7EE906231EFD9C1200E6EAD9;
			productRefGroup = 7EE9062D1EFD9C1200E6EAD9 /* Products */;
			projectDirPath = "";
			projectRoot = "";
			targets = (
				7EE9062B1EFD9C1200E6EAD9 /* Vivid */,
			);
		};
/* End PBXProject section */

/* Begin PBXResourcesBuildPhase section */
		7EE9062A1EFD9C1200E6EAD9 /* Resources */ = {
			isa = PBXResourcesBuildPhase;
			buildActionMask = 2147483647;
			files = (
				7E8C72591F505C55001E41D5 /* Keys.plist in Resources */,
				7E8C725D1F505CA1001E41D5 /* LaunchScreen.storyboard in Resources */,
				7E8C725B1F505C94001E41D5 /* Main.storyboard in Resources */,
				7E8C72611F505CDD001E41D5 /* Assets.xcassets in Resources */,
				7EE906421EFD9CC600E6EAD9 /* Podfile in Resources */,
			);
			runOnlyForDeploymentPostprocessing = 0;
		};
/* End PBXResourcesBuildPhase section */

/* Begin PBXShellScriptBuildPhase section */
		342E65987F3AE134109258C8 /* [CP] Embed Pods Frameworks */ = {
			isa = PBXShellScriptBuildPhase;
			buildActionMask = 2147483647;
			files = (
			);
			inputPaths = (
			);
			name = "[CP] Embed Pods Frameworks";
			outputPaths = (
			);
			runOnlyForDeploymentPostprocessing = 0;
			shellPath = /bin/sh;
			shellScript = "\"${SRCROOT}/Pods/Target Support Files/Pods-Vivid/Pods-Vivid-frameworks.sh\"\n";
			showEnvVarsInLog = 0;
		};
		64652264178F888977C7C985 /* [CP] Copy Pods Resources */ = {
			isa = PBXShellScriptBuildPhase;
			buildActionMask = 2147483647;
			files = (
			);
			inputPaths = (
			);
			name = "[CP] Copy Pods Resources";
			outputPaths = (
			);
			runOnlyForDeploymentPostprocessing = 0;
			shellPath = /bin/sh;
			shellScript = "\"${SRCROOT}/Pods/Target Support Files/Pods-Vivid/Pods-Vivid-resources.sh\"\n";
			showEnvVarsInLog = 0;
		};
		7210A141F05B5FF901A2E08D /* [CP] Check Pods Manifest.lock */ = {
			isa = PBXShellScriptBuildPhase;
			buildActionMask = 2147483647;
			files = (
			);
			inputPaths = (
			);
			name = "[CP] Check Pods Manifest.lock";
			outputPaths = (
			);
			runOnlyForDeploymentPostprocessing = 0;
			shellPath = /bin/sh;
			shellScript = "diff \"${PODS_PODFILE_DIR_PATH}/Podfile.lock\" \"${PODS_ROOT}/Manifest.lock\" > /dev/null\nif [ $? != 0 ] ; then\n    # print error to STDERR\n    echo \"error: The sandbox is not in sync with the Podfile.lock. Run 'pod install' or update your CocoaPods installation.\" >&2\n    exit 1\nfi\n";
			showEnvVarsInLog = 0;
		};
/* End PBXShellScriptBuildPhase section */

/* Begin PBXSourcesBuildPhase section */
		7EE906281EFD9C1200E6EAD9 /* Sources */ = {
			isa = PBXSourcesBuildPhase;
			buildActionMask = 2147483647;
			files = (
				7E498C7A1F0CDBFF00DC443B /* PlaceDetailViewController.swift in Sources */,
				7EB292301F51D4D700BDF1D7 /* ResultsTableViewController.swift in Sources */,
				7EE906321EFD9C1200E6EAD9 /* MapViewController.swift in Sources */,
				7EE906301EFD9C1200E6EAD9 /* AppDelegate.swift in Sources */,
				7E44170C1F0A8DD100072545 /* NeighbourhoodPickerViewController.swift in Sources */,
				7E0DC0121F505BBD00A4ACA6 /* GMSConvenience.swift in Sources */,
				7E88A2B51F35EBA9008C999F /* NonSmokingBarModel.xcdatamodeld in Sources */,
				7E8C72571F505C4A001E41D5 /* Model.swift in Sources */,
				7E0DC0141F505BEB00A4ACA6 /* GSDatabaseStoring.swift in Sources */,
				7E0DC0101F505BBD00A4ACA6 /* GMSClient.swift in Sources */,
				7E4417081F0A880100072545 /* GCDBlackBox.swift in Sources */,
				7E498C761F0CDBC500DC443B /* TopMenuViewController.swift in Sources */,
				7E0DC0111F505BBD00A4ACA6 /* GMSConstants.swift in Sources */,
				7E498C741F0CDB8700DC443B /* MainViewController.swift in Sources */,
				7E3F0A4F1F56B67D005B918C /* ResultsTableViewCell.swift in Sources */,
			);
			runOnlyForDeploymentPostprocessing = 0;
		};
/* End PBXSourcesBuildPhase section */

/* Begin XCBuildConfiguration section */
		7EE9063C1EFD9C1200E6EAD9 /* Debug */ = {
			isa = XCBuildConfiguration;
			buildSettings = {
				ALWAYS_SEARCH_USER_PATHS = NO;
				CLANG_ANALYZER_NONNULL = YES;
				CLANG_ANALYZER_NUMBER_OBJECT_CONVERSION = YES_AGGRESSIVE;
				CLANG_CXX_LANGUAGE_STANDARD = "gnu++0x";
				CLANG_CXX_LIBRARY = "libc++";
				CLANG_ENABLE_MODULES = YES;
				CLANG_ENABLE_OBJC_ARC = YES;
				CLANG_WARN_BLOCK_CAPTURE_AUTORELEASING = YES;
				CLANG_WARN_BOOL_CONVERSION = YES;
				CLANG_WARN_COMMA = YES;
				CLANG_WARN_CONSTANT_CONVERSION = YES;
				CLANG_WARN_DIRECT_OBJC_ISA_USAGE = YES_ERROR;
				CLANG_WARN_DOCUMENTATION_COMMENTS = YES;
				CLANG_WARN_EMPTY_BODY = YES;
				CLANG_WARN_ENUM_CONVERSION = YES;
				CLANG_WARN_INFINITE_RECURSION = YES;
				CLANG_WARN_INT_CONVERSION = YES;
				CLANG_WARN_NON_LITERAL_NULL_CONVERSION = YES;
				CLANG_WARN_OBJC_LITERAL_CONVERSION = YES;
				CLANG_WARN_OBJC_ROOT_CLASS = YES_ERROR;
				CLANG_WARN_RANGE_LOOP_ANALYSIS = YES;
				CLANG_WARN_STRICT_PROTOTYPES = YES;
				CLANG_WARN_SUSPICIOUS_MOVE = YES;
				CLANG_WARN_UNREACHABLE_CODE = YES;
				CLANG_WARN__DUPLICATE_METHOD_MATCH = YES;
				"CODE_SIGN_IDENTITY[sdk=iphoneos*]" = "iPhone Developer";
				COPY_PHASE_STRIP = NO;
				DEBUG_INFORMATION_FORMAT = dwarf;
				ENABLE_STRICT_OBJC_MSGSEND = YES;
				ENABLE_TESTABILITY = YES;
				GCC_C_LANGUAGE_STANDARD = gnu99;
				GCC_DYNAMIC_NO_PIC = NO;
				GCC_NO_COMMON_BLOCKS = YES;
				GCC_OPTIMIZATION_LEVEL = 0;
				GCC_PREPROCESSOR_DEFINITIONS = (
					"DEBUG=1",
					"$(inherited)",
				);
				GCC_WARN_64_TO_32_BIT_CONVERSION = YES;
				GCC_WARN_ABOUT_RETURN_TYPE = YES_ERROR;
				GCC_WARN_UNDECLARED_SELECTOR = YES;
				GCC_WARN_UNINITIALIZED_AUTOS = YES_AGGRESSIVE;
				GCC_WARN_UNUSED_FUNCTION = YES;
				GCC_WARN_UNUSED_VARIABLE = YES;
				IPHONEOS_DEPLOYMENT_TARGET = 10.3;
				MTL_ENABLE_DEBUG_INFO = YES;
				ONLY_ACTIVE_ARCH = YES;
				SDKROOT = iphoneos;
				SWIFT_ACTIVE_COMPILATION_CONDITIONS = DEBUG;
				SWIFT_OPTIMIZATION_LEVEL = "-Onone";
			};
			name = Debug;
		};
		7EE9063D1EFD9C1200E6EAD9 /* Release */ = {
			isa = XCBuildConfiguration;
			buildSettings = {
				ALWAYS_SEARCH_USER_PATHS = NO;
				CLANG_ANALYZER_NONNULL = YES;
				CLANG_ANALYZER_NUMBER_OBJECT_CONVERSION = YES_AGGRESSIVE;
				CLANG_CXX_LANGUAGE_STANDARD = "gnu++0x";
				CLANG_CXX_LIBRARY = "libc++";
				CLANG_ENABLE_MODULES = YES;
				CLANG_ENABLE_OBJC_ARC = YES;
				CLANG_WARN_BLOCK_CAPTURE_AUTORELEASING = YES;
				CLANG_WARN_BOOL_CONVERSION = YES;
				CLANG_WARN_COMMA = YES;
				CLANG_WARN_CONSTANT_CONVERSION = YES;
				CLANG_WARN_DIRECT_OBJC_ISA_USAGE = YES_ERROR;
				CLANG_WARN_DOCUMENTATION_COMMENTS = YES;
				CLANG_WARN_EMPTY_BODY = YES;
				CLANG_WARN_ENUM_CONVERSION = YES;
				CLANG_WARN_INFINITE_RECURSION = YES;
				CLANG_WARN_INT_CONVERSION = YES;
				CLANG_WARN_NON_LITERAL_NULL_CONVERSION = YES;
				CLANG_WARN_OBJC_LITERAL_CONVERSION = YES;
				CLANG_WARN_OBJC_ROOT_CLASS = YES_ERROR;
				CLANG_WARN_RANGE_LOOP_ANALYSIS = YES;
				CLANG_WARN_STRICT_PROTOTYPES = YES;
				CLANG_WARN_SUSPICIOUS_MOVE = YES;
				CLANG_WARN_UNREACHABLE_CODE = YES;
				CLANG_WARN__DUPLICATE_METHOD_MATCH = YES;
				"CODE_SIGN_IDENTITY[sdk=iphoneos*]" = "iPhone Developer";
				COPY_PHASE_STRIP = NO;
				DEBUG_INFORMATION_FORMAT = "dwarf-with-dsym";
				ENABLE_NS_ASSERTIONS = NO;
				ENABLE_STRICT_OBJC_MSGSEND = YES;
				GCC_C_LANGUAGE_STANDARD = gnu99;
				GCC_NO_COMMON_BLOCKS = YES;
				GCC_WARN_64_TO_32_BIT_CONVERSION = YES;
				GCC_WARN_ABOUT_RETURN_TYPE = YES_ERROR;
				GCC_WARN_UNDECLARED_SELECTOR = YES;
				GCC_WARN_UNINITIALIZED_AUTOS = YES_AGGRESSIVE;
				GCC_WARN_UNUSED_FUNCTION = YES;
				GCC_WARN_UNUSED_VARIABLE = YES;
				IPHONEOS_DEPLOYMENT_TARGET = 10.3;
				MTL_ENABLE_DEBUG_INFO = NO;
				SDKROOT = iphoneos;
				SWIFT_OPTIMIZATION_LEVEL = "-Owholemodule";
				VALIDATE_PRODUCT = YES;
			};
			name = Release;
		};
		7EE9063F1EFD9C1200E6EAD9 /* Debug */ = {
			isa = XCBuildConfiguration;
			baseConfigurationReference = D1C052E857E06A5E8449E24B /* Pods-Vivid.debug.xcconfig */;
			buildSettings = {
				ASSETCATALOG_COMPILER_APPICON_NAME = AppIcon;
				DEVELOPMENT_TEAM = 6JFW8GEZ3K;
				INFOPLIST_FILE = Vivid/Info.plist;
				LD_RUNPATH_SEARCH_PATHS = "$(inherited) @executable_path/Frameworks";
				PRODUCT_BUNDLE_IDENTIFIER = com.celiagomezdev.Vivid;
				PRODUCT_NAME = "$(TARGET_NAME)";
				SWIFT_SWIFT3_OBJC_INFERENCE = Off;
				SWIFT_VERSION = 4.0;
			};
			name = Debug;
		};
		7EE906401EFD9C1200E6EAD9 /* Release */ = {
			isa = XCBuildConfiguration;
			baseConfigurationReference = 8385AD172EA13ED24E344B8A /* Pods-Vivid.release.xcconfig */;
			buildSettings = {
				ASSETCATALOG_COMPILER_APPICON_NAME = AppIcon;
				DEVELOPMENT_TEAM = 6JFW8GEZ3K;
				INFOPLIST_FILE = Vivid/Info.plist;
				LD_RUNPATH_SEARCH_PATHS = "$(inherited) @executable_path/Frameworks";
				PRODUCT_BUNDLE_IDENTIFIER = com.celiagomezdev.Vivid;
				PRODUCT_NAME = "$(TARGET_NAME)";
				SWIFT_SWIFT3_OBJC_INFERENCE = Off;
				SWIFT_VERSION = 4.0;
			};
			name = Release;
		};
/* End XCBuildConfiguration section */

/* Begin XCConfigurationList section */
		7EE906271EFD9C1200E6EAD9 /* Build configuration list for PBXProject "Vivid" */ = {
			isa = XCConfigurationList;
			buildConfigurations = (
				7EE9063C1EFD9C1200E6EAD9 /* Debug */,
				7EE9063D1EFD9C1200E6EAD9 /* Release */,
			);
			defaultConfigurationIsVisible = 0;
			defaultConfigurationName = Release;
		};
		7EE9063E1EFD9C1200E6EAD9 /* Build configuration list for PBXNativeTarget "Vivid" */ = {
			isa = XCConfigurationList;
			buildConfigurations = (
				7EE9063F1EFD9C1200E6EAD9 /* Debug */,
				7EE906401EFD9C1200E6EAD9 /* Release */,
			);
			defaultConfigurationIsVisible = 0;
			defaultConfigurationName = Release;
		};
/* End XCConfigurationList section */

/* Begin XCVersionGroup section */
		7E88A2B31F35EBA9008C999F /* NonSmokingBarModel.xcdatamodeld */ = {
			isa = XCVersionGroup;
			children = (
				7E9D0C541F619C80002E1F56 /* NonSmokingBarModel v3.xcdatamodel */,
				7ECC86291F5027040034514D /* NonSmokingBarModel v2.xcdatamodel */,
				7E88A2B41F35EBA9008C999F /* NonSmokingBarModel.xcdatamodel */,
			);
			currentVersion = 7E9D0C541F619C80002E1F56 /* NonSmokingBarModel v3.xcdatamodel */;
			path = NonSmokingBarModel.xcdatamodeld;
			sourceTree = "<group>";
			versionGroupType = wrapper.xcdatamodel;
		};
/* End XCVersionGroup section */
	};
	rootObject = 7EE906241EFD9C1200E6EAD9 /* Project object */;
}
